
Microsoft Visual Studio Solution File, Format Version 12.00
# Visual Studio Version 17
VisualStudioVersion = 17.3.32929.385
MinimumVisualStudioVersion = 10.0.40219.1
Project("{8BC9CEB8-8B4A-11D0-8D11-00A0C91BC942}") = "fun with a meter", "fun with a meter\fun with a meter.vcxproj", "{370F7206-9D33-4D33-A278-8F4F6156E602}"
EndProject
Global
	GlobalSection(SolutionConfigurationPlatforms) = preSolution
		Debug|x64 = Debug|x64
		Debug|x86 = Debug|x86
		Release|x64 = Release|x64
		Release|x86 = Release|x86
	EndGlobalSection
	GlobalSection(ProjectConfigurationPlatforms) = postSolution
		{370F7206-9D33-4D33-A278-8F4F6156E602}.Debug|x64.ActiveCfg = Debug|x64
		{370F7206-9D33-4D33-A278-8F4F6156E602}.Debug|x64.Build.0 = Debug|x64
		{370F7206-9D33-4D33-A278-8F4F6156E602}.Debug|x86.ActiveCfg = Debug|Win32
		{370F7206-9D33-4D33-A278-8F4F6156E602}.Debug|x86.Build.0 = Debug|Win32
		{370F7206-9D33-4D33-A278-8F4F6156E602}.Release|x64.ActiveCfg = Release|x64
		{370F7206-9D33-4D33-A278-8F4F6156E602}.Release|x64.Build.0 = Release|x64
		{370F7206-9D33-4D33-A278-8F4F6156E602}.Release|x86.ActiveCfg = Release|Win32
		{370F7206-9D33-4D33-A278-8F4F6156E602}.Release|x86.Build.0 = Release|Win32
	EndGlobalSection
	GlobalSection(SolutionProperties) = preSolution
		HideSolutionNode = FALSE
	EndGlobalSection
	GlobalSection(ExtensibilityGlobals) = postSolution
		SolutionGuid = {1BD11B30-1EF8-46AB-9587-7008EBC0E5D7}
	EndGlobalSection
EndGlobal
